// !$*UTF8*$!
{
	archiveVersion = 1;
	classes = {
	};
	objectVersion = 56;
	objects = {

/* Begin PBXBuildFile section */
		68327AF12B050F490021E918 /* BirdApp.swift in Sources */ = {isa = PBXBuildFile; fileRef = 68327AF02B050F490021E918 /* BirdApp.swift */; };
		68327AF32B050F490021E918 /* RecordView.swift in Sources */ = {isa = PBXBuildFile; fileRef = 68327AF22B050F490021E918 /* RecordView.swift */; };
		68327AF72B050F4A0021E918 /* Assets.xcassets in Resources */ = {isa = PBXBuildFile; fileRef = 68327AF62B050F4A0021E918 /* Assets.xcassets */; };
		68327AFA2B050F4A0021E918 /* Preview Assets.xcassets in Resources */ = {isa = PBXBuildFile; fileRef = 68327AF92B050F4A0021E918 /* Preview Assets.xcassets */; };
		684707B22B0CE39A008196E7 /* RecordingFunction.swift in Sources */ = {isa = PBXBuildFile; fileRef = 684707B12B0CE39A008196E7 /* RecordingFunction.swift */; };
		68BD12332B0667930065A27C /* MainView.swift in Sources */ = {isa = PBXBuildFile; fileRef = 68BD12322B0667930065A27C /* MainView.swift */; };
		68CD59992B0529130004D970 /* EditView.swift in Sources */ = {isa = PBXBuildFile; fileRef = 68CD59982B0529130004D970 /* EditView.swift */; };
		68E437C52B07B9F400D15FC5 /* AnalyzeView.swift in Sources */ = {isa = PBXBuildFile; fileRef = 68E437C42B07B9F400D15FC5 /* AnalyzeView.swift */; };
/* End PBXBuildFile section */

/* Begin PBXFileReference section */
		68327AED2B050F490021E918 /* birdapp.app */ = {isa = PBXFileReference; explicitFileType = wrapper.application; includeInIndex = 0; path = birdapp.app; sourceTree = BUILT_PRODUCTS_DIR; };
		68327AF02B050F490021E918 /* BirdApp.swift */ = {isa = PBXFileReference; lastKnownFileType = sourcecode.swift; path = BirdApp.swift; sourceTree = "<group>"; };
		68327AF22B050F490021E918 /* RecordView.swift */ = {isa = PBXFileReference; lastKnownFileType = sourcecode.swift; path = RecordView.swift; sourceTree = "<group>"; tabWidth = 4; };
		68327AF62B050F4A0021E918 /* Assets.xcassets */ = {isa = PBXFileReference; lastKnownFileType = folder.assetcatalog; path = Assets.xcassets; sourceTree = "<group>"; };
		68327AF92B050F4A0021E918 /* Preview Assets.xcassets */ = {isa = PBXFileReference; lastKnownFileType = folder.assetcatalog; path = "Preview Assets.xcassets"; sourceTree = "<group>"; };
		684707B12B0CE39A008196E7 /* RecordingFunction.swift */ = {isa = PBXFileReference; lastKnownFileType = sourcecode.swift; path = RecordingFunction.swift; sourceTree = "<group>"; };
		684707B32B0D1584008196E7 /* Info.plist */ = {isa = PBXFileReference; lastKnownFileType = text.plist; name = Info.plist; path = birdapp/Info.plist; sourceTree = "<group>"; };
		68BD12322B0667930065A27C /* MainView.swift */ = {isa = PBXFileReference; lastKnownFileType = sourcecode.swift; path = MainView.swift; sourceTree = "<group>"; };
		68CD59982B0529130004D970 /* EditView.swift */ = {isa = PBXFileReference; lastKnownFileType = sourcecode.swift; path = EditView.swift; sourceTree = "<group>"; };
		68E437C42B07B9F400D15FC5 /* AnalyzeView.swift */ = {isa = PBXFileReference; lastKnownFileType = sourcecode.swift; path = AnalyzeView.swift; sourceTree = "<group>"; };
/* End PBXFileReference section */

/* Begin PBXFrameworksBuildPhase section */
		68327AEA2B050F490021E918 /* Frameworks */ = {
			isa = PBXFrameworksBuildPhase;
			buildActionMask = 2147483647;
			files = (
			);
			runOnlyForDeploymentPostprocessing = 0;
		};
/* End PBXFrameworksBuildPhase section */

/* Begin PBXGroup section */
		68327AE42B050F490021E918 = {
			isa = PBXGroup;
			children = (
				684707B32B0D1584008196E7 /* Info.plist */,
				68327AEF2B050F490021E918 /* Birdnet */,
				68327AEE2B050F490021E918 /* Products */,
			);
			sourceTree = "<group>";
		};
		68327AEE2B050F490021E918 /* Products */ = {
			isa = PBXGroup;
			children = (
				68327AED2B050F490021E918 /* birdapp.app */,
			);
			name = Products;
			sourceTree = "<group>";
		};
		68327AEF2B050F490021E918 /* Birdnet */ = {
			isa = PBXGroup;
			children = (
				68327AF02B050F490021E918 /* BirdApp.swift */,
				684707AE2B0CE222008196E7 /* Functions */,
				68E437C62B07BC3400D15FC5 /* Views */,
				68327AF62B050F4A0021E918 /* Assets.xcassets */,
				68327AF82B050F4A0021E918 /* Preview Content */,
			);
			path = Birdnet;
			sourceTree = "<group>";
		};
		68327AF82B050F4A0021E918 /* Preview Content */ = {
			isa = PBXGroup;
			children = (
				68327AF92B050F4A0021E918 /* Preview Assets.xcassets */,
			);
			path = "Preview Content";
			sourceTree = "<group>";
		};
		684707AE2B0CE222008196E7 /* Functions */ = {
			isa = PBXGroup;
			children = (
				684707B12B0CE39A008196E7 /* RecordingFunction.swift */,
			);
			path = Functions;
			sourceTree = "<group>";
		};
		68E437C62B07BC3400D15FC5 /* Views */ = {
			isa = PBXGroup;
			children = (
				68BD12322B0667930065A27C /* MainView.swift */,
				68327AF22B050F490021E918 /* RecordView.swift */,
				68CD59982B0529130004D970 /* EditView.swift */,
				68E437C42B07B9F400D15FC5 /* AnalyzeView.swift */,
			);
			path = Views;
			sourceTree = "<group>";
		};
/* End PBXGroup section */

/* Begin PBXNativeTarget section */
		68327AEC2B050F490021E918 /* birdapp */ = {
			isa = PBXNativeTarget;
			buildConfigurationList = 68327AFD2B050F4A0021E918 /* Build configuration list for PBXNativeTarget "birdapp" */;
			buildPhases = (
				68327AE92B050F490021E918 /* Sources */,
				68327AEA2B050F490021E918 /* Frameworks */,
				68327AEB2B050F490021E918 /* Resources */,
			);
			buildRules = (
			);
			dependencies = (
			);
			name = birdapp;
			productName = Birdnet;
			productReference = 68327AED2B050F490021E918 /* birdapp.app */;
			productType = "com.apple.product-type.application";
		};
/* End PBXNativeTarget section */

/* Begin PBXProject section */
		68327AE52B050F490021E918 /* Project object */ = {
			isa = PBXProject;
			attributes = {
				BuildIndependentTargetsInParallel = 1;
				LastSwiftUpdateCheck = 1500;
				LastUpgradeCheck = 1500;
				TargetAttributes = {
					68327AEC2B050F490021E918 = {
						CreatedOnToolsVersion = 15.0.1;
					};
				};
			};
			buildConfigurationList = 68327AE82B050F490021E918 /* Build configuration list for PBXProject "birdapp" */;
			compatibilityVersion = "Xcode 14.0";
			developmentRegion = en;
			hasScannedForEncodings = 0;
			knownRegions = (
				en,
				Base,
			);
			mainGroup = 68327AE42B050F490021E918;
			productRefGroup = 68327AEE2B050F490021E918 /* Products */;
			projectDirPath = "";
			projectRoot = "";
			targets = (
				68327AEC2B050F490021E918 /* birdapp */,
			);
		};
/* End PBXProject section */

/* Begin PBXResourcesBuildPhase section */
		68327AEB2B050F490021E918 /* Resources */ = {
			isa = PBXResourcesBuildPhase;
			buildActionMask = 2147483647;
			files = (
				68327AFA2B050F4A0021E918 /* Preview Assets.xcassets in Resources */,
				68327AF72B050F4A0021E918 /* Assets.xcassets in Resources */,
			);
			runOnlyForDeploymentPostprocessing = 0;
		};
/* End PBXResourcesBuildPhase section */

/* Begin PBXSourcesBuildPhase section */
		68327AE92B050F490021E918 /* Sources */ = {
			isa = PBXSourcesBuildPhase;
			buildActionMask = 2147483647;
			files = (
				68327AF32B050F490021E918 /* RecordView.swift in Sources */,
				68CD59992B0529130004D970 /* EditView.swift in Sources */,
				68E437C52B07B9F400D15FC5 /* AnalyzeView.swift in Sources */,
				684707B22B0CE39A008196E7 /* RecordingFunction.swift in Sources */,
				68BD12332B0667930065A27C /* MainView.swift in Sources */,
				68327AF12B050F490021E918 /* BirdApp.swift in Sources */,
			);
			runOnlyForDeploymentPostprocessing = 0;
		};
/* End PBXSourcesBuildPhase section */

/* Begin XCBuildConfiguration section */
		68327AFB2B050F4A0021E918 /* Debug */ = {
			isa = XCBuildConfiguration;
			buildSettings = {
				ALWAYS_SEARCH_USER_PATHS = NO;
				ASSETCATALOG_COMPILER_GENERATE_SWIFT_ASSET_SYMBOL_EXTENSIONS = YES;
				CLANG_ANALYZER_NONNULL = YES;
				CLANG_ANALYZER_NUMBER_OBJECT_CONVERSION = YES_AGGRESSIVE;
				CLANG_CXX_LANGUAGE_STANDARD = "gnu++20";
				CLANG_ENABLE_MODULES = YES;
				CLANG_ENABLE_OBJC_ARC = YES;
				CLANG_ENABLE_OBJC_WEAK = YES;
				CLANG_WARN_BLOCK_CAPTURE_AUTORELEASING = YES;
				CLANG_WARN_BOOL_CONVERSION = YES;
				CLANG_WARN_COMMA = YES;
				CLANG_WARN_CONSTANT_CONVERSION = YES;
				CLANG_WARN_DEPRECATED_OBJC_IMPLEMENTATIONS = YES;
				CLANG_WARN_DIRECT_OBJC_ISA_USAGE = YES_ERROR;
				CLANG_WARN_DOCUMENTATION_COMMENTS = YES;
				CLANG_WARN_EMPTY_BODY = YES;
				CLANG_WARN_ENUM_CONVERSION = YES;
				CLANG_WARN_INFINITE_RECURSION = YES;
				CLANG_WARN_INT_CONVERSION = YES;
				CLANG_WARN_NON_LITERAL_NULL_CONVERSION = YES;
				CLANG_WARN_OBJC_IMPLICIT_RETAIN_SELF = YES;
				CLANG_WARN_OBJC_LITERAL_CONVERSION = YES;
				CLANG_WARN_OBJC_ROOT_CLASS = YES_ERROR;
				CLANG_WARN_QUOTED_INCLUDE_IN_FRAMEWORK_HEADER = YES;
				CLANG_WARN_RANGE_LOOP_ANALYSIS = YES;
				CLANG_WARN_STRICT_PROTOTYPES = YES;
				CLANG_WARN_SUSPICIOUS_MOVE = YES;
				CLANG_WARN_UNGUARDED_AVAILABILITY = YES_AGGRESSIVE;
				CLANG_WARN_UNREACHABLE_CODE = YES;
				CLANG_WARN__DUPLICATE_METHOD_MATCH = YES;
				COPY_PHASE_STRIP = NO;
				DEBUG_INFORMATION_FORMAT = dwarf;
				ENABLE_STRICT_OBJC_MSGSEND = YES;
				ENABLE_TESTABILITY = YES;
				ENABLE_USER_SCRIPT_SANDBOXING = YES;
				GCC_C_LANGUAGE_STANDARD = gnu17;
				GCC_DYNAMIC_NO_PIC = NO;
				GCC_NO_COMMON_BLOCKS = YES;
				GCC_OPTIMIZATION_LEVEL = 0;
				GCC_PREPROCESSOR_DEFINITIONS = (
					"DEBUG=1",
					"$(inherited)",
				);
				GCC_WARN_64_TO_32_BIT_CONVERSION = YES;
				GCC_WARN_ABOUT_RETURN_TYPE = YES_ERROR;
				GCC_WARN_UNDECLARED_SELECTOR = YES;
				GCC_WARN_UNINITIALIZED_AUTOS = YES_AGGRESSIVE;
				GCC_WARN_UNUSED_FUNCTION = YES;
				GCC_WARN_UNUSED_VARIABLE = YES;
				IPHONEOS_DEPLOYMENT_TARGET = 17.0;
				LOCALIZATION_PREFERS_STRING_CATALOGS = YES;
				MTL_ENABLE_DEBUG_INFO = INCLUDE_SOURCE;
				MTL_FAST_MATH = YES;
				ONLY_ACTIVE_ARCH = YES;
				SDKROOT = iphoneos;
				SWIFT_ACTIVE_COMPILATION_CONDITIONS = "DEBUG $(inherited)";
				SWIFT_OPTIMIZATION_LEVEL = "-Onone";
			};
			name = Debug;
		};
		68327AFC2B050F4A0021E918 /* Release */ = {
			isa = XCBuildConfiguration;
			buildSettings = {
				ALWAYS_SEARCH_USER_PATHS = NO;
				ASSETCATALOG_COMPILER_GENERATE_SWIFT_ASSET_SYMBOL_EXTENSIONS = YES;
				CLANG_ANALYZER_NONNULL = YES;
				CLANG_ANALYZER_NUMBER_OBJECT_CONVERSION = YES_AGGRESSIVE;
				CLANG_CXX_LANGUAGE_STANDARD = "gnu++20";
				CLANG_ENABLE_MODULES = YES;
				CLANG_ENABLE_OBJC_ARC = YES;
				CLANG_ENABLE_OBJC_WEAK = YES;
				CLANG_WARN_BLOCK_CAPTURE_AUTORELEASING = YES;
				CLANG_WARN_BOOL_CONVERSION = YES;
				CLANG_WARN_COMMA = YES;
				CLANG_WARN_CONSTANT_CONVERSION = YES;
				CLANG_WARN_DEPRECATED_OBJC_IMPLEMENTATIONS = YES;
				CLANG_WARN_DIRECT_OBJC_ISA_USAGE = YES_ERROR;
				CLANG_WARN_DOCUMENTATION_COMMENTS = YES;
				CLANG_WARN_EMPTY_BODY = YES;
				CLANG_WARN_ENUM_CONVERSION = YES;
				CLANG_WARN_INFINITE_RECURSION = YES;
				CLANG_WARN_INT_CONVERSION = YES;
				CLANG_WARN_NON_LITERAL_NULL_CONVERSION = YES;
				CLANG_WARN_OBJC_IMPLICIT_RETAIN_SELF = YES;
				CLANG_WARN_OBJC_LITERAL_CONVERSION = YES;
				CLANG_WARN_OBJC_ROOT_CLASS = YES_ERROR;
				CLANG_WARN_QUOTED_INCLUDE_IN_FRAMEWORK_HEADER = YES;
				CLANG_WARN_RANGE_LOOP_ANALYSIS = YES;
				CLANG_WARN_STRICT_PROTOTYPES = YES;
				CLANG_WARN_SUSPICIOUS_MOVE = YES;
				CLANG_WARN_UNGUARDED_AVAILABILITY = YES_AGGRESSIVE;
				CLANG_WARN_UNREACHABLE_CODE = YES;
				CLANG_WARN__DUPLICATE_METHOD_MATCH = YES;
				COPY_PHASE_STRIP = NO;
				DEBUG_INFORMATION_FORMAT = "dwarf-with-dsym";
				ENABLE_NS_ASSERTIONS = NO;
				ENABLE_STRICT_OBJC_MSGSEND = YES;
				ENABLE_USER_SCRIPT_SANDBOXING = YES;
				GCC_C_LANGUAGE_STANDARD = gnu17;
				GCC_NO_COMMON_BLOCKS = YES;
				GCC_WARN_64_TO_32_BIT_CONVERSION = YES;
				GCC_WARN_ABOUT_RETURN_TYPE = YES_ERROR;
				GCC_WARN_UNDECLARED_SELECTOR = YES;
				GCC_WARN_UNINITIALIZED_AUTOS = YES_AGGRESSIVE;
				GCC_WARN_UNUSED_FUNCTION = YES;
				GCC_WARN_UNUSED_VARIABLE = YES;
				IPHONEOS_DEPLOYMENT_TARGET = 17.0;
				LOCALIZATION_PREFERS_STRING_CATALOGS = YES;
				MTL_ENABLE_DEBUG_INFO = NO;
				MTL_FAST_MATH = YES;
				SDKROOT = iphoneos;
				SWIFT_COMPILATION_MODE = wholemodule;
				VALIDATE_PRODUCT = YES;
			};
			name = Release;
		};
		68327AFE2B050F4A0021E918 /* Debug */ = {
			isa = XCBuildConfiguration;
			buildSettings = {
				ASSETCATALOG_COMPILER_APPICON_NAME = AppIcon;
				ASSETCATALOG_COMPILER_GLOBAL_ACCENT_COLOR_NAME = AccentColor;
				CODE_SIGN_STYLE = Automatic;
				CURRENT_PROJECT_VERSION = 1;
				DEVELOPMENT_ASSET_PATHS = "\"Birdnet/Preview Content\"";
				DEVELOPMENT_TEAM = T66N85ZKBW;
				ENABLE_PREVIEWS = YES;
				GENERATE_INFOPLIST_FILE = YES;
				INFOPLIST_FILE = birdapp/Info.plist;
				INFOPLIST_KEY_NSMicrophoneUsageDescription = "Audio is recorded to identify the species";
				INFOPLIST_KEY_UIApplicationSceneManifest_Generation = YES;
				INFOPLIST_KEY_UIApplicationSupportsIndirectInputEvents = YES;
				INFOPLIST_KEY_UILaunchScreen_Generation = YES;
				INFOPLIST_KEY_UISupportedInterfaceOrientations_iPad = "UIInterfaceOrientationPortrait UIInterfaceOrientationPortraitUpsideDown UIInterfaceOrientationLandscapeLeft UIInterfaceOrientationLandscapeRight";
				INFOPLIST_KEY_UISupportedInterfaceOrientations_iPhone = "UIInterfaceOrientationPortrait UIInterfaceOrientationLandscapeLeft UIInterfaceOrientationLandscapeRight";
				LD_RUNPATH_SEARCH_PATHS = (
					"$(inherited)",
					"@executable_path/Frameworks",
				);
				MARKETING_VERSION = 1.0;
				PRODUCT_BUNDLE_IDENTIFIER = developer.academy.Birdnet;
				PRODUCT_NAME = "$(TARGET_NAME)";
				SWIFT_EMIT_LOC_STRINGS = YES;
				SWIFT_VERSION = 5.0;
				TARGETED_DEVICE_FAMILY = "1,2";
			};
			name = Debug;
		};
		68327AFF2B050F4A0021E918 /* Release */ = {
			isa = XCBuildConfiguration;
			buildSettings = {
				ASSETCATALOG_COMPILER_APPICON_NAME = AppIcon;
				ASSETCATALOG_COMPILER_GLOBAL_ACCENT_COLOR_NAME = AccentColor;
				CODE_SIGN_STYLE = Automatic;
				CURRENT_PROJECT_VERSION = 1;
				DEVELOPMENT_ASSET_PATHS = "\"Birdnet/Preview Content\"";
				DEVELOPMENT_TEAM = T66N85ZKBW;
				ENABLE_PREVIEWS = YES;
				GENERATE_INFOPLIST_FILE = YES;
				INFOPLIST_FILE = birdapp/Info.plist;
				INFOPLIST_KEY_NSMicrophoneUsageDescription = "Audio is recorded to identify the species";
				INFOPLIST_KEY_UIApplicationSceneManifest_Generation = YES;
				INFOPLIST_KEY_UIApplicationSupportsIndirectInputEvents = YES;
				INFOPLIST_KEY_UILaunchScreen_Generation = YES;
				INFOPLIST_KEY_UISupportedInterfaceOrientations_iPad = "UIInterfaceOrientationPortrait UIInterfaceOrientationPortraitUpsideDown UIInterfaceOrientationLandscapeLeft UIInterfaceOrientationLandscapeRight";
				INFOPLIST_KEY_UISupportedInterfaceOrientations_iPhone = "UIInterfaceOrientationPortrait UIInterfaceOrientationLandscapeLeft UIInterfaceOrientationLandscapeRight";
				LD_RUNPATH_SEARCH_PATHS = (
					"$(inherited)",
					"@executable_path/Frameworks",
				);
				MARKETING_VERSION = 1.0;
				PRODUCT_BUNDLE_IDENTIFIER = developer.academy.Birdnet;
				PRODUCT_NAME = "$(TARGET_NAME)";
				SWIFT_EMIT_LOC_STRINGS = YES;
				SWIFT_VERSION = 5.0;
				TARGETED_DEVICE_FAMILY = "1,2";
			};
			name = Release;
		};
/* End XCBuildConfiguration section */

/* Begin XCConfigurationList section */
		68327AE82B050F490021E918 /* Build configuration list for PBXProject "birdapp" */ = {
			isa = XCConfigurationList;
			buildConfigurations = (
				68327AFB2B050F4A0021E918 /* Debug */,
				68327AFC2B050F4A0021E918 /* Release */,
			);
			defaultConfigurationIsVisible = 0;
			defaultConfigurationName = Release;
		};
		68327AFD2B050F4A0021E918 /* Build configuration list for PBXNativeTarget "birdapp" */ = {
			isa = XCConfigurationList;
			buildConfigurations = (
				68327AFE2B050F4A0021E918 /* Debug */,
				68327AFF2B050F4A0021E918 /* Release */,
			);
			defaultConfigurationIsVisible = 0;
			defaultConfigurationName = Release;
		};
/* End XCConfigurationList section */
	};
	rootObject = 68327AE52B050F490021E918 /* Project object */;
}
